{
  "components.parameters.ListLimit": "4230e8d97d0ca8e2cb0c5a53e89cbeb8d286940756f8788960db6f153b166f31",
  "components.parameters.ReportID": "fe6bdf9948660beba1ccdb3d8ef32c2730d26aec1aeed3891d184f615bf5913d",
  "components.schemas.AlertEventSummary": "1051eabb6725c2a70ab3a056f89e8d2f6cc930367dec3aed085a9277188c114e",
  "components.schemas.AlertListResponse": "04e3b9f334f01dd2c578fcea98257f3371f7fba122295554c22815eb5d1a3361",
  "components.schemas.DashboardAlertStats": "4674af9e26f0af720b2c8af321b92a26862145f1d2e6ab1f4eacbc41ff4daa55",
  "components.schemas.DashboardReportSeverityStats": "ab8ab76290c8d12001d62585b1e98d0e5bf713b6fceb4e8b16893428564c4afb",
  "components.schemas.DashboardReportStats": "b2c293e99babe3ec02fcf6a9c41168256cd8a4ef38b88fbab51278d6b8816a55",
  "components.schemas.DashboardSummary": "a16c7445f5300a67c4779343ee0c905c23dcb8ac490ee1e7baafe626d7d77e93",
  "components.schemas.DiagnosisRoomCreateRequest": "e2c407c651cd349c0a0d8948e17fe25f3ab2c0d1a6d85b730daf367d8cf4d87c",
  "components.schemas.DiagnosisRoomCreateResponse": "3f50fa05e6b34e5858c83e33ac32285bea445ae64be2b0b585f8e79cbeb9b0db",
  "components.schemas.DiagnosisWSTicketRequest": "5b12779b4028672a4aa2056aa0908d1237ee2b752d9ea8c9dc226d6d18cd6f21",
  "components.schemas.DiagnosisWSTicketResponse": "fd69c4e8705ed3f419a11c022f3c7f8b9959aff43e3b3defd3b1b1951682d0da",
  "components.schemas.EvidenceSnapshotListResponse": "d8822ffcf4c6973fa63cc5d85709aa2f3e8110f8e723441e5f998218cb268726",
  "components.schemas.EvidenceSnapshotSummary": "4d6f0103b9b615c370fce3cce1f6904d4d0f5bfcfde9552ce9fa4ff31702ad53",
  "components.schemas.FinalReportDetail": "aacb717c835e886db5df39b7809df0713c6492ffeecd6b1610e689d6b25439de",
  "components.schemas.FinalReportSubReportSummary": "7077c2a3c9b83969775cc53e953f7819e7a7c73b1e3eea0eaab55e2206852df1",
  "components.schemas.FinalReportSummary": "438b68388d301682035d8ddf5427af796e7aefdd13e1f03f892b029add6df8b4",
  "components.schemas.ReportAction": "3fa8cf2f5f03a20f4492633f1e1ad3145256df698a9e7c638dd22e5834509104",
  "components.schemas.ReportConfidence": "2d05fbed9c6f0ab4062cb5d99bbf93b14d4a843d2039f1a3f67178310b601357",
  "components.schemas.ReportFinding": "a900eb2504a82dd50994e79f430c54bfe68b90a6baa9eadd2ea295df70634aaa",
  "components.schemas.ReportListResponse": "1e87a7ea4b92af9688d382d775d6f16b2fae8f2d090b9c8acd1fc828400397e5",
  "components.schemas.ReportReplayIngestStats": "4a21845f9b533a31961e39936a299049bbc3d6380b220d4d8e1b05d6f162e53d",
  "components.schemas.ReportReplaySnapshotRef": "b11e4d728e48c4ec1b1aa556823b4bd5c11aceb341337f54818093b90b1dda9f",
  "components.schemas.ReportReplayStats": "84fc6a88ee9083ea7a2e40d147ec842db15b1f3fb13b9019a2cd4a4e024b10b1",
  "components.schemas.ReportReplayTriggerRequest": "31836aa55e41d4c36de9c1064fc192688d33cbd6f40d0a04b3c7b40eb6a5543d",
  "components.schemas.ReportReplayTriggerResponse": "086a1daf10ba9dcf2a514563e3ca7b0f7d431234ddf834db96765d84792130b9",
  "components.schemas.ReportSeverity": "88955408e97dfd66e2a66ca26ee08d67be20a8f2be8e6a1a10271f8f57e46197",
  "components.schemas.SubReportDetail": "295df23844638a8b6b22d17c11bc0fb544a388f701a222f9422bbea54f6552d2",
  "paths./api/v1/alerts.get": "0e80de7872ff67c11fc27439a4a44c5f67855eb6d368c772bc05cf1cdc548fb2",
  "paths./api/v1/dashboard.get": "a515c6a03d0b95373608a0dbf1be2e197e923604a2b2ec07fff23ea1c0e0a82a",
  "paths./api/v1/diagnosis/rooms.post": "c50df24afff38652138ff8cc2b4571a5a4377c1d1f310f34d4125bf6dfedc21e",
  "paths./api/v1/diagnosis/ws-ticket.post": "510cbef5d7bb2d421a0d8f981ec2640c926502afc3612993cc35566245e3484d",
  "paths./api/v1/evidence-snapshots.get": "a9b37ffb3ac0ded690dc4fc609a11623f549110da0da4278b5bd09a00a43832d",
  "paths./api/v1/report-triggers/replay-window.post": "56dac9e8e9653d4473fdef2b221dfebb36d06e5715797df1b0be57f3fff44474",
  "paths./api/v1/reports.get": "aa2fabb0d5f4c016db644fcf1cd8729a040f860beeab662cf760a445a54dae56",
  "paths./api/v1/reports/{report_id}.get": "4fff8de8f4f1b2912a406fd53c1eb3bc549491d790efd4dd969ffc6c1b1be42a"
}
