{
  "components.parameters.ListLimit": "4230e8d97d0ca8e2cb0c5a53e89cbeb8d286940756f8788960db6f153b166f31",
  "components.parameters.ReportID": "fe6bdf9948660beba1ccdb3d8ef32c2730d26aec1aeed3891d184f615bf5913d",
  "components.schemas.AlertEventSummary": "80123106a60146305be5657eed83b3400e3206763008e48dd1657eeba8a6287c",
  "components.schemas.AlertListResponse": "d80c1b2de8f8479e1e2db78c4ab2e7a551036c94e5254469f13e474776902b02",
  "components.schemas.DashboardAlertStats": "4674af9e26f0af720b2c8af321b92a26862145f1d2e6ab1f4eacbc41ff4daa55",
  "components.schemas.DashboardReportSeverityStats": "ab8ab76290c8d12001d62585b1e98d0e5bf713b6fceb4e8b16893428564c4afb",
  "components.schemas.DashboardReportStats": "b2c293e99babe3ec02fcf6a9c41168256cd8a4ef38b88fbab51278d6b8816a55",
  "components.schemas.DashboardSummary": "06379e612260634be41d5442cc918eccc050557efbe7bf1ced002bec399c594d",
  "components.schemas.DiagnosisRoomCreateRequest": "45d6a7a92f676662b62121a01ebb5fa8e5cf2ff1ae6f89b2a91f6d6e05ae509a",
  "components.schemas.DiagnosisRoomCreateResponse": "3f50fa05e6b34e5858c83e33ac32285bea445ae64be2b0b585f8e79cbeb9b0db",
  "components.schemas.DiagnosisWSTicketRequest": "5b12779b4028672a4aa2056aa0908d1237ee2b752d9ea8c9dc226d6d18cd6f21",
  "components.schemas.DiagnosisWSTicketResponse": "fd69c4e8705ed3f419a11c022f3c7f8b9959aff43e3b3defd3b1b1951682d0da",
  "components.schemas.EvidenceSnapshotListResponse": "d8822ffcf4c6973fa63cc5d85709aa2f3e8110f8e723441e5f998218cb268726",
  "components.schemas.EvidenceSnapshotSummary": "4d6f0103b9b615c370fce3cce1f6904d4d0f5bfcfde9552ce9fa4ff31702ad53",
  "components.schemas.FinalReportDetail": "db7e74a787e6b1ca5ff8ab45ebfaeba96d78518e99f59acbe1b108494b851775",
  "components.schemas.FinalReportSubReportSummary": "7077c2a3c9b83969775cc53e953f7819e7a7c73b1e3eea0eaab55e2206852df1",
  "components.schemas.FinalReportSummary": "438b68388d301682035d8ddf5427af796e7aefdd13e1f03f892b029add6df8b4",
  "components.schemas.ReportAction": "3fa8cf2f5f03a20f4492633f1e1ad3145256df698a9e7c638dd22e5834509104",
  "components.schemas.ReportConfidence": "2d05fbed9c6f0ab4062cb5d99bbf93b14d4a843d2039f1a3f67178310b601357",
  "components.schemas.ReportFinding": "a900eb2504a82dd50994e79f430c54bfe68b90a6baa9eadd2ea295df70634aaa",
  "components.schemas.ReportListResponse": "1e87a7ea4b92af9688d382d775d6f16b2fae8f2d090b9c8acd1fc828400397e5",
  "components.schemas.ReportReplayIngestStats": "4a21845f9b533a31961e39936a299049bbc3d6380b220d4d8e1b05d6f162e53d",
  "components.schemas.ReportReplaySnapshotRef": "b11e4d728e48c4ec1b1aa556823b4bd5c11aceb341337f54818093b90b1dda9f",
  "components.schemas.ReportReplayStats": "84fc6a88ee9083ea7a2e40d147ec842db15b1f3fb13b9019a2cd4a4e024b10b1",
  "components.schemas.ReportReplayTriggerRequest": "d7d61d3f1cd34972331d4f59384b00d084fe46f7f26293c4aed36eff1adab736",
  "components.schemas.ReportReplayTriggerResponse": "ce5267b313c3545af2d669556d35d8c3e1ab5d7e71c59f181ac6c7861bb2dbc1",
  "components.schemas.ReportSeverity": "88955408e97dfd66e2a66ca26ee08d67be20a8f2be8e6a1a10271f8f57e46197",
  "components.schemas.SubReportDetail": "8688c392dee1054096c03a703915cb9f15f9dfda76f986b1fe33844719e50b91",
  "paths./api/v1/alerts.get": "58eea99cc278e397a33e7946639a043f2ed0c542f7fc29b275ba6fda3ae76b83",
  "paths./api/v1/dashboard.get": "d468ac3b01a9b1fd1e739f954fd9b4f77feaf7f4b8084c6360306638b7ba2dcf",
  "paths./api/v1/diagnosis/rooms.post": "c98bbdede66489de9d9868c99286900231bd64dcccd67b186faef6595adcd047",
  "paths./api/v1/diagnosis/ws-ticket.post": "40bf5c9fd92e3dfa18c4f152b0297714f668a2b60728aa934ddef5e5e98af556",
  "paths./api/v1/evidence-snapshots.get": "9fb99bbd546634fcdf25aaefd48fa6f04f41e9f04772cfd4122e063050c74b43",
  "paths./api/v1/report-triggers/replay-window.post": "2e0909b4b12ed365a8d15fdcfa49eb7a182c3098f88b16b766d2731249f7a339",
  "paths./api/v1/reports.get": "4df27a8745626a5d4248c5246ac5fb9b017d34cc6aba27e562d1e10f7c3446f1",
  "paths./api/v1/reports/{report_id}.get": "9991d8ef96d5782b48a64fcba77f82b96988b4150bf91313bc35e65ac15eab23"
}
